{
  "version": 4,
  "terraform_version": "1.10.4",
  "serial": 86,
  "lineage": "549e8f5d-ca39-5824-6a3f-8aadde26967d",
  "outputs": {
    "external_ip_address_app": {
      "value": "158.160.55.15",
      "type": "string"
    },
    "external_ip_address_master": {
      "value": "158.160.40.254",
      "type": "string"
    },
    "external_ip_address_srv": {
      "value": "158.160.34.167",
      "type": "string"
    },
    "internal_ip_address_app": {
      "value": "10.5.0.15",
      "type": "string"
    },
    "internal_ip_address_master": {
      "value": "10.5.0.22",
      "type": "string"
    },
    "internal_ip_address_srv": {
      "value": "10.5.0.14",
      "type": "string"
    }
  },
  "resources": [
    {
      "mode": "managed",
      "type": "yandex_compute_instance",
      "name": "app",
      "provider": "provider[\"registry.terraform.io/yandex-cloud/yandex\"]",
      "instances": [
        {
          "schema_version": 1,
          "attributes": {
            "allow_recreate": null,
            "allow_stopping_for_update": null,
            "boot_disk": [
              {
                "auto_delete": true,
                "device_name": "fhmpns4jrjkceo5j8q60",
                "disk_id": "fhmpns4jrjkceo5j8q60",
                "initialize_params": [
                  {
                    "block_size": 4096,
                    "description": "",
                    "image_id": "fd8v0s6adqu3ui3rsuap",
                    "kms_key_id": "",
                    "name": "",
                    "size": 20,
                    "snapshot_id": "",
                    "type": "network-hdd"
                  }
                ],
                "mode": "READ_WRITE"
              }
            ],
            "created_at": "2025-01-21T09:11:12Z",
            "description": "",
            "filesystem": [],
            "folder_id": "b1g1ttnd6oa97n5ng69p",
            "fqdn": "app.ru-central1.internal",
            "gpu_cluster_id": "",
            "hardware_generation": [
              {
                "generation2_features": [],
                "legacy_features": [
                  {
                    "pci_topology": "PCI_TOPOLOGY_V1"
                  }
                ]
              }
            ],
            "hostname": "app",
            "id": "fhmpl8r0ih6jqodlsmnm",
            "labels": null,
            "local_disk": [],
            "maintenance_grace_period": "",
            "maintenance_policy": null,
            "metadata": {
              "user-data": "#cloud-config\r\nusers:\r\n  - name: cloud\r\n    sudo: ALL=(ALL) NOPASSWD:ALL\r\n    shell: /bin/bash\r\n    ssh-authorized-keys:\r\n      - ssh-rsa AAAAB3NzaC1yc2EAAAADAQABAAABAQDHVILKykiOqjzEi8RVLP3PQ6idg750E+rXW+S/pOd4gwHSAz9h3cjRS/CUxkQI75b3wKa5hXEmxzDaFIfUU+/A+k5qjCq0l8tbxWd5IfMHCRKdkNYN4BPJnmmrBXS2OwwqFj2IRhA/YXAR4+yawOMBU7HlhV3uJB7xOYax7VEpRnk5bJxDUfCjlX9pduVozFQr5QzKkhB4dMusIaeEzVyBHz2oWmBPJzuTIJG8H+r8SqolWVR2wn0G1RMXgju6CTUfkxbZXH0oe514VNUteQ+lVsuZzlcpRlyGSaQ3H2hnU1arnjO1hXsvGqVFSm1t5RsnDIIlmP1gU6XFtEZXKnst root@linuxtest\n\r\n"
            },
            "metadata_options": [
              {
                "aws_v1_http_endpoint": 1,
                "aws_v1_http_token": 2,
                "gce_http_endpoint": 1,
                "gce_http_token": 1
              }
            ],
            "name": "app",
            "network_acceleration_type": "standard",
            "network_interface": [
              {
                "dns_record": [],
                "index": 0,
                "ip_address": "10.5.0.15",
                "ipv4": true,
                "ipv6": false,
                "ipv6_address": "",
                "ipv6_dns_record": [],
                "mac_address": "d0:0d:19:aa:36:09",
                "nat": true,
                "nat_dns_record": [],
                "nat_ip_address": "158.160.55.15",
                "nat_ip_version": "IPV4",
                "security_group_ids": [],
                "subnet_id": "e9bqvcnlemhin4807cp1"
              }
            ],
            "placement_policy": [
              {
                "host_affinity_rules": [],
                "placement_group_id": "",
                "placement_group_partition": 0
              }
            ],
            "platform_id": "standard-v1",
            "resources": [
              {
                "core_fraction": 100,
                "cores": 2,
                "gpus": 0,
                "memory": 4
              }
            ],
            "scheduling_policy": [
              {
                "preemptible": false
              }
            ],
            "secondary_disk": [],
            "service_account_id": "",
            "status": "running",
            "timeouts": null,
            "zone": "ru-central1-a"
          },
          "sensitive_attributes": [],
          "private": "eyJlMmJmYjczMC1lY2FhLTExZTYtOGY4OC0zNDM2M2JjN2M0YzAiOnsiY3JlYXRlIjozMDAwMDAwMDAwMDAsImRlbGV0ZSI6MzAwMDAwMDAwMDAwLCJ1cGRhdGUiOjMwMDAwMDAwMDAwMH0sInNjaGVtYV92ZXJzaW9uIjoiMSJ9",
          "dependencies": [
            "yandex_vpc_network.default",
            "yandex_vpc_subnet.default"
          ]
        }
      ]
    },
    {
      "mode": "managed",
      "type": "yandex_compute_instance",
      "name": "master",
      "provider": "provider[\"registry.terraform.io/yandex-cloud/yandex\"]",
      "instances": [
        {
          "schema_version": 1,
          "attributes": {
            "allow_recreate": null,
            "allow_stopping_for_update": null,
            "boot_disk": [
              {
                "auto_delete": true,
                "device_name": "fhman45mjl6lq8oditb9",
                "disk_id": "fhman45mjl6lq8oditb9",
                "initialize_params": [
                  {
                    "block_size": 4096,
                    "description": "",
                    "image_id": "fd8v0s6adqu3ui3rsuap",
                    "kms_key_id": "",
                    "name": "",
                    "size": 20,
                    "snapshot_id": "",
                    "type": "network-hdd"
                  }
                ],
                "mode": "READ_WRITE"
              }
            ],
            "created_at": "2025-01-21T09:11:12Z",
            "description": "",
            "filesystem": [],
            "folder_id": "b1g1ttnd6oa97n5ng69p",
            "fqdn": "master.ru-central1.internal",
            "gpu_cluster_id": "",
            "hardware_generation": [
              {
                "generation2_features": [],
                "legacy_features": [
                  {
                    "pci_topology": "PCI_TOPOLOGY_V1"
                  }
                ]
              }
            ],
            "hostname": "master",
            "id": "fhmqr4qq158l1ijmbd1c",
            "labels": null,
            "local_disk": [],
            "maintenance_grace_period": "",
            "maintenance_policy": null,
            "metadata": {
              "user-data": "#cloud-config\r\nusers:\r\n  - name: cloud\r\n    sudo: ALL=(ALL) NOPASSWD:ALL\r\n    shell: /bin/bash\r\n    ssh-authorized-keys:\r\n      - ssh-rsa AAAAB3NzaC1yc2EAAAADAQABAAABAQDHVILKykiOqjzEi8RVLP3PQ6idg750E+rXW+S/pOd4gwHSAz9h3cjRS/CUxkQI75b3wKa5hXEmxzDaFIfUU+/A+k5qjCq0l8tbxWd5IfMHCRKdkNYN4BPJnmmrBXS2OwwqFj2IRhA/YXAR4+yawOMBU7HlhV3uJB7xOYax7VEpRnk5bJxDUfCjlX9pduVozFQr5QzKkhB4dMusIaeEzVyBHz2oWmBPJzuTIJG8H+r8SqolWVR2wn0G1RMXgju6CTUfkxbZXH0oe514VNUteQ+lVsuZzlcpRlyGSaQ3H2hnU1arnjO1hXsvGqVFSm1t5RsnDIIlmP1gU6XFtEZXKnst root@linuxtest\n\r\n"
            },
            "metadata_options": [
              {
                "aws_v1_http_endpoint": 1,
                "aws_v1_http_token": 2,
                "gce_http_endpoint": 1,
                "gce_http_token": 1
              }
            ],
            "name": "master",
            "network_acceleration_type": "standard",
            "network_interface": [
              {
                "dns_record": [],
                "index": 0,
                "ip_address": "10.5.0.22",
                "ipv4": true,
                "ipv6": false,
                "ipv6_address": "",
                "ipv6_dns_record": [],
                "mac_address": "d0:0d:1a:d9:35:a0",
                "nat": true,
                "nat_dns_record": [],
                "nat_ip_address": "158.160.40.254",
                "nat_ip_version": "IPV4",
                "security_group_ids": [],
                "subnet_id": "e9bqvcnlemhin4807cp1"
              }
            ],
            "placement_policy": [
              {
                "host_affinity_rules": [],
                "placement_group_id": "",
                "placement_group_partition": 0
              }
            ],
            "platform_id": "standard-v1",
            "resources": [
              {
                "core_fraction": 100,
                "cores": 2,
                "gpus": 0,
                "memory": 4
              }
            ],
            "scheduling_policy": [
              {
                "preemptible": false
              }
            ],
            "secondary_disk": [],
            "service_account_id": "",
            "status": "running",
            "timeouts": null,
            "zone": "ru-central1-a"
          },
          "sensitive_attributes": [],
          "private": "eyJlMmJmYjczMC1lY2FhLTExZTYtOGY4OC0zNDM2M2JjN2M0YzAiOnsiY3JlYXRlIjozMDAwMDAwMDAwMDAsImRlbGV0ZSI6MzAwMDAwMDAwMDAwLCJ1cGRhdGUiOjMwMDAwMDAwMDAwMH0sInNjaGVtYV92ZXJzaW9uIjoiMSJ9",
          "dependencies": [
            "yandex_vpc_network.default",
            "yandex_vpc_subnet.default"
          ]
        }
      ]
    },
    {
      "mode": "managed",
      "type": "yandex_compute_instance",
      "name": "srv",
      "provider": "provider[\"registry.terraform.io/yandex-cloud/yandex\"]",
      "instances": [
        {
          "schema_version": 1,
          "attributes": {
            "allow_recreate": null,
            "allow_stopping_for_update": null,
            "boot_disk": [
              {
                "auto_delete": true,
                "device_name": "fhmjlmol304q24e6m7uj",
                "disk_id": "fhmjlmol304q24e6m7uj",
                "initialize_params": [
                  {
                    "block_size": 4096,
                    "description": "",
                    "image_id": "fd8v0s6adqu3ui3rsuap",
                    "kms_key_id": "",
                    "name": "",
                    "size": 20,
                    "snapshot_id": "",
                    "type": "network-hdd"
                  }
                ],
                "mode": "READ_WRITE"
              }
            ],
            "created_at": "2025-01-21T09:11:12Z",
            "description": "",
            "filesystem": [],
            "folder_id": "b1g1ttnd6oa97n5ng69p",
            "fqdn": "srv.ru-central1.internal",
            "gpu_cluster_id": "",
            "hardware_generation": [
              {
                "generation2_features": [],
                "legacy_features": [
                  {
                    "pci_topology": "PCI_TOPOLOGY_V1"
                  }
                ]
              }
            ],
            "hostname": "srv",
            "id": "fhmg0r06k4shr4c5at09",
            "labels": null,
            "local_disk": [],
            "maintenance_grace_period": "",
            "maintenance_policy": null,
            "metadata": {
              "user-data": "#cloud-config\r\nusers:\r\n  - name: cloud\r\n    sudo: ALL=(ALL) NOPASSWD:ALL\r\n    shell: /bin/bash\r\n    ssh-authorized-keys:\r\n      - ssh-rsa AAAAB3NzaC1yc2EAAAADAQABAAABAQDHVILKykiOqjzEi8RVLP3PQ6idg750E+rXW+S/pOd4gwHSAz9h3cjRS/CUxkQI75b3wKa5hXEmxzDaFIfUU+/A+k5qjCq0l8tbxWd5IfMHCRKdkNYN4BPJnmmrBXS2OwwqFj2IRhA/YXAR4+yawOMBU7HlhV3uJB7xOYax7VEpRnk5bJxDUfCjlX9pduVozFQr5QzKkhB4dMusIaeEzVyBHz2oWmBPJzuTIJG8H+r8SqolWVR2wn0G1RMXgju6CTUfkxbZXH0oe514VNUteQ+lVsuZzlcpRlyGSaQ3H2hnU1arnjO1hXsvGqVFSm1t5RsnDIIlmP1gU6XFtEZXKnst root@linuxtest\n\r\n"
            },
            "metadata_options": [
              {
                "aws_v1_http_endpoint": 1,
                "aws_v1_http_token": 2,
                "gce_http_endpoint": 1,
                "gce_http_token": 1
              }
            ],
            "name": "srv",
            "network_acceleration_type": "standard",
            "network_interface": [
              {
                "dns_record": [],
                "index": 0,
                "ip_address": "10.5.0.14",
                "ipv4": true,
                "ipv6": false,
                "ipv6_address": "",
                "ipv6_dns_record": [],
                "mac_address": "d0:0d:10:06:c0:6a",
                "nat": true,
                "nat_dns_record": [],
                "nat_ip_address": "158.160.34.167",
                "nat_ip_version": "IPV4",
                "security_group_ids": [],
                "subnet_id": "e9bqvcnlemhin4807cp1"
              }
            ],
            "placement_policy": [
              {
                "host_affinity_rules": [],
                "placement_group_id": "",
                "placement_group_partition": 0
              }
            ],
            "platform_id": "standard-v1",
            "resources": [
              {
                "core_fraction": 100,
                "cores": 2,
                "gpus": 0,
                "memory": 4
              }
            ],
            "scheduling_policy": [
              {
                "preemptible": false
              }
            ],
            "secondary_disk": [],
            "service_account_id": "",
            "status": "running",
            "timeouts": null,
            "zone": "ru-central1-a"
          },
          "sensitive_attributes": [],
          "private": "eyJlMmJmYjczMC1lY2FhLTExZTYtOGY4OC0zNDM2M2JjN2M0YzAiOnsiY3JlYXRlIjozMDAwMDAwMDAwMDAsImRlbGV0ZSI6MzAwMDAwMDAwMDAwLCJ1cGRhdGUiOjMwMDAwMDAwMDAwMH0sInNjaGVtYV92ZXJzaW9uIjoiMSJ9",
          "dependencies": [
            "yandex_vpc_network.default",
            "yandex_vpc_subnet.default"
          ]
        }
      ]
    },
    {
      "mode": "managed",
      "type": "yandex_vpc_network",
      "name": "default",
      "provider": "provider[\"registry.terraform.io/yandex-cloud/yandex\"]",
      "instances": [
        {
          "schema_version": 0,
          "attributes": {
            "created_at": "2025-01-21T09:11:09Z",
            "default_security_group_id": "enphfrelh6c53e10d2b6",
            "description": "",
            "folder_id": "b1g1ttnd6oa97n5ng69p",
            "id": "enp0gjrflluqranfg7oq",
            "labels": {},
            "name": "default",
            "subnet_ids": [],
            "timeouts": null
          },
          "sensitive_attributes": [],
          "private": "eyJlMmJmYjczMC1lY2FhLTExZTYtOGY4OC0zNDM2M2JjN2M0YzAiOnsiY3JlYXRlIjo2MDAwMDAwMDAwMCwiZGVsZXRlIjo2MDAwMDAwMDAwMCwidXBkYXRlIjo2MDAwMDAwMDAwMH19"
        }
      ]
    },
    {
      "mode": "managed",
      "type": "yandex_vpc_subnet",
      "name": "default",
      "provider": "provider[\"registry.terraform.io/yandex-cloud/yandex\"]",
      "instances": [
        {
          "schema_version": 0,
          "attributes": {
            "created_at": "2025-01-21T09:11:11Z",
            "description": "",
            "dhcp_options": [],
            "folder_id": "b1g1ttnd6oa97n5ng69p",
            "id": "e9bqvcnlemhin4807cp1",
            "labels": {},
            "name": "",
            "network_id": "enp0gjrflluqranfg7oq",
            "route_table_id": "",
            "timeouts": null,
            "v4_cidr_blocks": [
              "10.5.0.0/24"
            ],
            "v6_cidr_blocks": [],
            "zone": "ru-central1-a"
          },
          "sensitive_attributes": [],
          "private": "eyJlMmJmYjczMC1lY2FhLTExZTYtOGY4OC0zNDM2M2JjN2M0YzAiOnsiY3JlYXRlIjoxODAwMDAwMDAwMDAsImRlbGV0ZSI6MTgwMDAwMDAwMDAwLCJ1cGRhdGUiOjE4MDAwMDAwMDAwMH19",
          "dependencies": [
            "yandex_vpc_network.default"
          ]
        }
      ]
    }
  ],
  "check_results": null
}
